
Microsoft Visual Studio Solution File, Format Version 11.00
# Visual Studio 2010
Project("{FAE04EC0-301F-11D3-BF4B-00C04F79EFBC}") = "Sos.Web", "Sos\Sos.Web.csproj", "{7363242A-AACD-4A48-8E44-07609EDD10EF}"
EndProject
Project("{FAE04EC0-301F-11D3-BF4B-00C04F79EFBC}") = "Sos.Negocio", "Sos.Negocio\Sos.Negocio.csproj", "{6C005A3B-E50A-40F3-A9C1-91A1398C60DE}"
EndProject
Project("{FAE04EC0-301F-11D3-BF4B-00C04F79EFBC}") = "Sos.MigracaoDados", "Sos.MigracaoDados\Sos.MigracaoDados.csproj", "{E95D17C9-0132-46C8-8BF5-31DA7B5963E4}"
EndProject
Global
	GlobalSection(SolutionConfigurationPlatforms) = preSolution
		Debug|Any CPU = Debug|Any CPU
		Debug|Mixed Platforms = Debug|Mixed Platforms
		Debug|x86 = Debug|x86
		Release|Any CPU = Release|Any CPU
		Release|Mixed Platforms = Release|Mixed Platforms
		Release|x86 = Release|x86
	EndGlobalSection
	GlobalSection(ProjectConfigurationPlatforms) = postSolution
		{7363242A-AACD-4A48-8E44-07609EDD10EF}.Debug|Any CPU.ActiveCfg = Debug|Any CPU
		{7363242A-AACD-4A48-8E44-07609EDD10EF}.Debug|Any CPU.Build.0 = Debug|Any CPU
		{7363242A-AACD-4A48-8E44-07609EDD10EF}.Debug|Mixed Platforms.ActiveCfg = Debug|Any CPU
		{7363242A-AACD-4A48-8E44-07609EDD10EF}.Debug|Mixed Platforms.Build.0 = Debug|Any CPU
		{7363242A-AACD-4A48-8E44-07609EDD10EF}.Debug|x86.ActiveCfg = Debug|Any CPU
		{7363242A-AACD-4A48-8E44-07609EDD10EF}.Release|Any CPU.ActiveCfg = Release|Any CPU
		{7363242A-AACD-4A48-8E44-07609EDD10EF}.Release|Any CPU.Build.0 = Release|Any CPU
		{7363242A-AACD-4A48-8E44-07609EDD10EF}.Release|Mixed Platforms.ActiveCfg = Release|Any CPU
		{7363242A-AACD-4A48-8E44-07609EDD10EF}.Release|Mixed Platforms.Build.0 = Release|Any CPU
		{7363242A-AACD-4A48-8E44-07609EDD10EF}.Release|x86.ActiveCfg = Release|Any CPU
		{6C005A3B-E50A-40F3-A9C1-91A1398C60DE}.Debug|Any CPU.ActiveCfg = Debug|Any CPU
		{6C005A3B-E50A-40F3-A9C1-91A1398C60DE}.Debug|Any CPU.Build.0 = Debug|Any CPU
		{6C005A3B-E50A-40F3-A9C1-91A1398C60DE}.Debug|Mixed Platforms.ActiveCfg = Debug|Any CPU
		{6C005A3B-E50A-40F3-A9C1-91A1398C60DE}.Debug|Mixed Platforms.Build.0 = Debug|Any CPU
		{6C005A3B-E50A-40F3-A9C1-91A1398C60DE}.Debug|x86.ActiveCfg = Debug|Any CPU
		{6C005A3B-E50A-40F3-A9C1-91A1398C60DE}.Release|Any CPU.ActiveCfg = Release|Any CPU
		{6C005A3B-E50A-40F3-A9C1-91A1398C60DE}.Release|Any CPU.Build.0 = Release|Any CPU
		{6C005A3B-E50A-40F3-A9C1-91A1398C60DE}.Release|Mixed Platforms.ActiveCfg = Release|Any CPU
		{6C005A3B-E50A-40F3-A9C1-91A1398C60DE}.Release|Mixed Platforms.Build.0 = Release|Any CPU
		{6C005A3B-E50A-40F3-A9C1-91A1398C60DE}.Release|x86.ActiveCfg = Release|Any CPU
		{E95D17C9-0132-46C8-8BF5-31DA7B5963E4}.Debug|Any CPU.ActiveCfg = Debug|x86
		{E95D17C9-0132-46C8-8BF5-31DA7B5963E4}.Debug|Mixed Platforms.ActiveCfg = Debug|x86
		{E95D17C9-0132-46C8-8BF5-31DA7B5963E4}.Debug|Mixed Platforms.Build.0 = Debug|x86
		{E95D17C9-0132-46C8-8BF5-31DA7B5963E4}.Debug|x86.ActiveCfg = Debug|x86
		{E95D17C9-0132-46C8-8BF5-31DA7B5963E4}.Debug|x86.Build.0 = Debug|x86
		{E95D17C9-0132-46C8-8BF5-31DA7B5963E4}.Release|Any CPU.ActiveCfg = Release|x86
		{E95D17C9-0132-46C8-8BF5-31DA7B5963E4}.Release|Mixed Platforms.ActiveCfg = Release|x86
		{E95D17C9-0132-46C8-8BF5-31DA7B5963E4}.Release|Mixed Platforms.Build.0 = Release|x86
		{E95D17C9-0132-46C8-8BF5-31DA7B5963E4}.Release|x86.ActiveCfg = Release|x86
		{E95D17C9-0132-46C8-8BF5-31DA7B5963E4}.Release|x86.Build.0 = Release|x86
	EndGlobalSection
	GlobalSection(SolutionProperties) = preSolution
		HideSolutionNode = FALSE
	EndGlobalSection
EndGlobal
